
Microsoft Visual Studio Solution File, Format Version 12.00
# Visual Studio Version 17
VisualStudioVersion = 17.6.33723.286
MinimumVisualStudioVersion = 10.0.40219.1
Project("{FAE04EC0-301F-11D3-BF4B-00C04F79EFBC}") = "RealmOfHeroes", "RealmOfHeroes\RealmOfHeroes.csproj", "{160C3239-FB3E-4C1C-9C67-7531F5A5B228}"
EndProject
Global
	GlobalSection(SolutionConfigurationPlatforms) = preSolution
		Debug|Any CPU = Debug|Any CPU
		Release|Any CPU = Release|Any CPU
	EndGlobalSection
	GlobalSection(ProjectConfigurationPlatforms) = postSolution
		{160C3239-FB3E-4C1C-9C67-7531F5A5B228}.Debug|Any CPU.ActiveCfg = Debug|Any CPU
		{160C3239-FB3E-4C1C-9C67-7531F5A5B228}.Debug|Any CPU.Build.0 = Debug|Any CPU
		{160C3239-FB3E-4C1C-9C67-7531F5A5B228}.Release|Any CPU.ActiveCfg = Release|Any CPU
		{160C3239-FB3E-4C1C-9C67-7531F5A5B228}.Release|Any CPU.Build.0 = Release|Any CPU
	EndGlobalSection
	GlobalSection(SolutionProperties) = preSolution
		HideSolutionNode = FALSE
	EndGlobalSection
	GlobalSection(ExtensibilityGlobals) = postSolution
		SolutionGuid = {50663F6F-4BD4-444D-A97C-0AEC7EBE95BA}
	EndGlobalSection
EndGlobal
